{
	"requires": true,
	"lockfileVersion": 1,
	"dependencies": {
		"nativescript-theme-core": {
			"version": "1.0.4",
			"resolved": "https://registry.npmjs.org/nativescript-theme-core/-/nativescript-theme-core-1.0.4.tgz",
			"integrity": "sha1-zyiAx/vy/l9D4iNdMJdQeQgD7+E="
		},
		"plugin1": {
			"version": "file:../plugin1",
			"requires": {
				"nativescript-hook": "0.2.2"
			},
			"dependencies": {
				"balanced-match": {
					"version": "1.0.0",
					"bundled": true
				},
				"brace-expansion": {
					"version": "1.1.8",
					"bundled": true,
					"requires": {
						"balanced-match": "1.0.0",
						"concat-map": "0.0.1"
					}
				},
				"concat-map": {
					"version": "0.0.1",
					"bundled": true
				},
				"glob": {
					"version": "6.0.4",
					"bundled": true,
					"requires": {
						"inflight": "1.0.6",
						"inherits": "2.0.3",
						"minimatch": "3.0.4",
						"once": "1.4.0",
						"path-is-absolute": "1.0.1"
					}
				},
				"inflight": {
					"version": "1.0.6",
					"bundled": true,
					"requires": {
						"once": "1.4.0",
						"wrappy": "1.0.2"
					}
				},
				"inherits": {
					"version": "2.0.3",
					"bundled": true
				},
				"minimatch": {
					"version": "3.0.4",
					"bundled": true,
					"requires": {
						"brace-expansion": "1.1.8"
					}
				},
				"minimist": {
					"version": "0.0.8",
					"bundled": true
				},
				"mkdirp": {
					"version": "0.5.1",
					"bundled": true,
					"requires": {
						"minimist": "0.0.8"
					}
				},
				"nativescript-hook": {
					"version": "0.2.2",
					"bundled": true,
					"requires": {
						"glob": "6.0.4",
						"mkdirp": "0.5.1"
					}
				},
				"once": {
					"version": "1.4.0",
					"bundled": true,
					"requires": {
						"wrappy": "1.0.2"
					}
				},
				"path-is-absolute": {
					"version": "1.0.1",
					"bundled": true
				},
				"wrappy": {
					"version": "1.0.2",
					"bundled": true
				}
			}
		},
		"plugin2": {
			"version": "file:../plugin2",
			"requires": {
				"nativescript-hook": "0.2.2"
			},
			"dependencies": {
				"balanced-match": {
					"version": "1.0.0",
					"bundled": true
				},
				"brace-expansion": {
					"version": "1.1.8",
					"bundled": true,
					"requires": {
						"balanced-match": "1.0.0",
						"concat-map": "0.0.1"
					}
				},
				"concat-map": {
					"version": "0.0.1",
					"bundled": true
				},
				"glob": {
					"version": "6.0.4",
					"bundled": true,
					"requires": {
						"inflight": "1.0.6",
						"inherits": "2.0.3",
						"minimatch": "3.0.4",
						"once": "1.4.0",
						"path-is-absolute": "1.0.1"
					}
				},
				"inflight": {
					"version": "1.0.6",
					"bundled": true,
					"requires": {
						"once": "1.4.0",
						"wrappy": "1.0.2"
					}
				},
				"inherits": {
					"version": "2.0.3",
					"bundled": true
				},
				"minimatch": {
					"version": "3.0.4",
					"bundled": true,
					"requires": {
						"brace-expansion": "1.1.8"
					}
				},
				"minimist": {
					"version": "0.0.8",
					"bundled": true
				},
				"mkdirp": {
					"version": "0.5.1",
					"bundled": true,
					"requires": {
						"minimist": "0.0.8"
					}
				},
				"nativescript-hook": {
					"version": "0.2.2",
					"bundled": true,
					"requires": {
						"glob": "6.0.4",
						"mkdirp": "0.5.1"
					}
				},
				"once": {
					"version": "1.4.0",
					"bundled": true,
					"requires": {
						"wrappy": "1.0.2"
					}
				},
				"path-is-absolute": {
					"version": "1.0.1",
					"bundled": true
				},
				"wrappy": {
					"version": "1.0.2",
					"bundled": true
				}
			}
		},
		"tns-core-modules": {
			"version": "3.3.0",
			"resolved": "https://registry.npmjs.org/tns-core-modules/-/tns-core-modules-3.3.0.tgz",
			"integrity": "sha1-T+sfMRE8VU8LtHmErElvzNta8VY=",
			"requires": {
				"tns-core-modules-widgets": "3.3.0"
			}
		},
		"tns-core-modules-widgets": {
			"version": "3.3.0",
			"resolved": "https://registry.npmjs.org/tns-core-modules-widgets/-/tns-core-modules-widgets-3.3.0.tgz",
			"integrity": "sha1-0qp7smrSEkjJ9cH3X+pRNxhmYiY="
		}
	}
}
